
Microsoft Visual Studio Solution File, Format Version 12.00
# Visual Studio Version 17
VisualStudioVersion = 17.5.002.0
MinimumVisualStudioVersion = 10.0.40219.1
Project("{9A19103F-16F7-4668-BE54-9A1E7A4F7556}") = "New folder", "New folder.csproj", "{21D45375-1071-4C1A-AE8A-2C5D678DD34C}"
EndProject
Global
	GlobalSection(SolutionConfigurationPlatforms) = preSolution
		Debug|Any CPU = Debug|Any CPU
		Release|Any CPU = Release|Any CPU
	EndGlobalSection
	GlobalSection(ProjectConfigurationPlatforms) = postSolution
		{21D45375-1071-4C1A-AE8A-2C5D678DD34C}.Debug|Any CPU.ActiveCfg = Debug|Any CPU
		{21D45375-1071-4C1A-AE8A-2C5D678DD34C}.Debug|Any CPU.Build.0 = Debug|Any CPU
		{21D45375-1071-4C1A-AE8A-2C5D678DD34C}.Release|Any CPU.ActiveCfg = Release|Any CPU
		{21D45375-1071-4C1A-AE8A-2C5D678DD34C}.Release|Any CPU.Build.0 = Release|Any CPU
	EndGlobalSection
	GlobalSection(SolutionProperties) = preSolution
		HideSolutionNode = FALSE
	EndGlobalSection
	GlobalSection(ExtensibilityGlobals) = postSolution
		SolutionGuid = {3496BAC3-7C28-4702-8FC6-3637EAB46558}
	EndGlobalSection
EndGlobal
